// !$*UTF8*$!
{
	archiveVersion = 1;
	classes = {
	};
	objectVersion = 50;
	objects = {

/* Begin PBXBuildFile section */
		2864A1367231585411F2A4C0 /* Pods_chatTalk.framework in Frameworks */ = {isa = PBXBuildFile; fileRef = E58EFBCD347F9E20D4CF4082 /* Pods_chatTalk.framework */; };
		721F533420F25C5C0000682A /* AppDelegate.swift in Sources */ = {isa = PBXBuildFile; fileRef = 721F533320F25C5C0000682A /* AppDelegate.swift */; };
		721F533620F25C5C0000682A /* ViewController.swift in Sources */ = {isa = PBXBuildFile; fileRef = 721F533520F25C5C0000682A /* ViewController.swift */; };
		721F533920F25C5C0000682A /* Main.storyboard in Resources */ = {isa = PBXBuildFile; fileRef = 721F533720F25C5C0000682A /* Main.storyboard */; };
		721F533B20F25C5E0000682A /* Assets.xcassets in Resources */ = {isa = PBXBuildFile; fileRef = 721F533A20F25C5E0000682A /* Assets.xcassets */; };
		721F533E20F25C5E0000682A /* LaunchScreen.storyboard in Resources */ = {isa = PBXBuildFile; fileRef = 721F533C20F25C5E0000682A /* LaunchScreen.storyboard */; };
		721F534C20F26C570000682A /* GoogleService-Info.plist in Resources */ = {isa = PBXBuildFile; fileRef = 721F534B20F26C570000682A /* GoogleService-Info.plist */; };
		721F534E20F2720A0000682A /* AuthViewController.swift in Sources */ = {isa = PBXBuildFile; fileRef = 721F534D20F2720A0000682A /* AuthViewController.swift */; };
		721F535020F27B940000682A /* MainViewController.swift in Sources */ = {isa = PBXBuildFile; fileRef = 721F534F20F27B940000682A /* MainViewController.swift */; };
		721F535220F332D30000682A /* PreAuthViewController.swift in Sources */ = {isa = PBXBuildFile; fileRef = 721F535120F332D30000682A /* PreAuthViewController.swift */; };
/* End PBXBuildFile section */

/* Begin PBXFileReference section */
		3A503E3C0B52C6B01FC13BCA /* Pods-chatTalk.debug.xcconfig */ = {isa = PBXFileReference; includeInIndex = 1; lastKnownFileType = text.xcconfig; name = "Pods-chatTalk.debug.xcconfig"; path = "Pods/Target Support Files/Pods-chatTalk/Pods-chatTalk.debug.xcconfig"; sourceTree = "<group>"; };
		721F533020F25C5C0000682A /* chatTalk.app */ = {isa = PBXFileReference; explicitFileType = wrapper.application; includeInIndex = 0; path = chatTalk.app; sourceTree = BUILT_PRODUCTS_DIR; };
		721F533320F25C5C0000682A /* AppDelegate.swift */ = {isa = PBXFileReference; lastKnownFileType = sourcecode.swift; path = AppDelegate.swift; sourceTree = "<group>"; };
		721F533520F25C5C0000682A /* ViewController.swift */ = {isa = PBXFileReference; lastKnownFileType = sourcecode.swift; path = ViewController.swift; sourceTree = "<group>"; };
		721F533820F25C5C0000682A /* Base */ = {isa = PBXFileReference; lastKnownFileType = file.storyboard; name = Base; path = Base.lproj/Main.storyboard; sourceTree = "<group>"; };
		721F533A20F25C5E0000682A /* Assets.xcassets */ = {isa = PBXFileReference; lastKnownFileType = folder.assetcatalog; path = Assets.xcassets; sourceTree = "<group>"; };
		721F533D20F25C5E0000682A /* Base */ = {isa = PBXFileReference; lastKnownFileType = file.storyboard; name = Base; path = Base.lproj/LaunchScreen.storyboard; sourceTree = "<group>"; };
		721F533F20F25C5E0000682A /* Info.plist */ = {isa = PBXFileReference; lastKnownFileType = text.plist.xml; path = Info.plist; sourceTree = "<group>"; };
		721F534B20F26C570000682A /* GoogleService-Info.plist */ = {isa = PBXFileReference; fileEncoding = 4; lastKnownFileType = text.plist.xml; path = "GoogleService-Info.plist"; sourceTree = "<group>"; };
		721F534D20F2720A0000682A /* AuthViewController.swift */ = {isa = PBXFileReference; lastKnownFileType = sourcecode.swift; path = AuthViewController.swift; sourceTree = "<group>"; };
		721F534F20F27B940000682A /* MainViewController.swift */ = {isa = PBXFileReference; lastKnownFileType = sourcecode.swift; path = MainViewController.swift; sourceTree = "<group>"; };
		721F535120F332D30000682A /* PreAuthViewController.swift */ = {isa = PBXFileReference; lastKnownFileType = sourcecode.swift; path = PreAuthViewController.swift; sourceTree = "<group>"; };
		C6853B19050292AA2DFD87DC /* Pods-chatTalk.release.xcconfig */ = {isa = PBXFileReference; includeInIndex = 1; lastKnownFileType = text.xcconfig; name = "Pods-chatTalk.release.xcconfig"; path = "Pods/Target Support Files/Pods-chatTalk/Pods-chatTalk.release.xcconfig"; sourceTree = "<group>"; };
		E58EFBCD347F9E20D4CF4082 /* Pods_chatTalk.framework */ = {isa = PBXFileReference; explicitFileType = wrapper.framework; includeInIndex = 0; path = Pods_chatTalk.framework; sourceTree = BUILT_PRODUCTS_DIR; };
/* End PBXFileReference section */

/* Begin PBXFrameworksBuildPhase section */
		721F532D20F25C5C0000682A /* Frameworks */ = {
			isa = PBXFrameworksBuildPhase;
			buildActionMask = 2147483647;
			files = (
				2864A1367231585411F2A4C0 /* Pods_chatTalk.framework in Frameworks */,
			);
			runOnlyForDeploymentPostprocessing = 0;
		};
/* End PBXFrameworksBuildPhase section */

/* Begin PBXGroup section */
		2D75B9F11D7253D5A4A67975 /* Pods */ = {
			isa = PBXGroup;
			children = (
				3A503E3C0B52C6B01FC13BCA /* Pods-chatTalk.debug.xcconfig */,
				C6853B19050292AA2DFD87DC /* Pods-chatTalk.release.xcconfig */,
			);
			name = Pods;
			sourceTree = "<group>";
		};
		46173370B289FAF5B0953B1B /* Frameworks */ = {
			isa = PBXGroup;
			children = (
				E58EFBCD347F9E20D4CF4082 /* Pods_chatTalk.framework */,
			);
			name = Frameworks;
			sourceTree = "<group>";
		};
		721F532720F25C5C0000682A = {
			isa = PBXGroup;
			children = (
				721F533220F25C5C0000682A /* chatTalk */,
				721F533120F25C5C0000682A /* Products */,
				2D75B9F11D7253D5A4A67975 /* Pods */,
				46173370B289FAF5B0953B1B /* Frameworks */,
			);
			sourceTree = "<group>";
		};
		721F533120F25C5C0000682A /* Products */ = {
			isa = PBXGroup;
			children = (
				721F533020F25C5C0000682A /* chatTalk.app */,
			);
			name = Products;
			sourceTree = "<group>";
		};
		721F533220F25C5C0000682A /* chatTalk */ = {
			isa = PBXGroup;
			children = (
				721F534B20F26C570000682A /* GoogleService-Info.plist */,
				721F533320F25C5C0000682A /* AppDelegate.swift */,
				721F533720F25C5C0000682A /* Main.storyboard */,
				721F533A20F25C5E0000682A /* Assets.xcassets */,
				721F533C20F25C5E0000682A /* LaunchScreen.storyboard */,
				721F533F20F25C5E0000682A /* Info.plist */,
				721F533520F25C5C0000682A /* ViewController.swift */,
				721F534F20F27B940000682A /* MainViewController.swift */,
				721F534D20F2720A0000682A /* AuthViewController.swift */,
				721F535120F332D30000682A /* PreAuthViewController.swift */,
			);
			path = chatTalk;
			sourceTree = "<group>";
		};
/* End PBXGroup section */

/* Begin PBXNativeTarget section */
		721F532F20F25C5C0000682A /* chatTalk */ = {
			isa = PBXNativeTarget;
			buildConfigurationList = 721F534220F25C5E0000682A /* Build configuration list for PBXNativeTarget "chatTalk" */;
			buildPhases = (
				612FDEA1DE2B5873E2F720C4 /* [CP] Check Pods Manifest.lock */,
				721F532C20F25C5C0000682A /* Sources */,
				721F532D20F25C5C0000682A /* Frameworks */,
				721F532E20F25C5C0000682A /* Resources */,
				AD5AE5439AC89381702D356D /* [CP] Embed Pods Frameworks */,
			);
			buildRules = (
			);
			dependencies = (
			);
			name = chatTalk;
			productName = chatTalk;
			productReference = 721F533020F25C5C0000682A /* chatTalk.app */;
			productType = "com.apple.product-type.application";
		};
/* End PBXNativeTarget section */

/* Begin PBXProject section */
		721F532820F25C5C0000682A /* Project object */ = {
			isa = PBXProject;
			attributes = {
				LastSwiftUpdateCheck = 1000;
				LastUpgradeCheck = 1000;
				ORGANIZATIONNAME = "Byungdoo Han";
				TargetAttributes = {
					721F532F20F25C5C0000682A = {
						CreatedOnToolsVersion = 10.0;
					};
				};
			};
			buildConfigurationList = 721F532B20F25C5C0000682A /* Build configuration list for PBXProject "chatTalk" */;
			compatibilityVersion = "Xcode 9.3";
			developmentRegion = en;
			hasScannedForEncodings = 0;
			knownRegions = (
				en,
				Base,
			);
			mainGroup = 721F532720F25C5C0000682A;
			productRefGroup = 721F533120F25C5C0000682A /* Products */;
			projectDirPath = "";
			projectRoot = "";
			targets = (
				721F532F20F25C5C0000682A /* chatTalk */,
			);
		};
/* End PBXProject section */

/* Begin PBXResourcesBuildPhase section */
		721F532E20F25C5C0000682A /* Resources */ = {
			isa = PBXResourcesBuildPhase;
			buildActionMask = 2147483647;
			files = (
				721F533E20F25C5E0000682A /* LaunchScreen.storyboard in Resources */,
				721F534C20F26C570000682A /* GoogleService-Info.plist in Resources */,
				721F533B20F25C5E0000682A /* Assets.xcassets in Resources */,
				721F533920F25C5C0000682A /* Main.storyboard in Resources */,
			);
			runOnlyForDeploymentPostprocessing = 0;
		};
/* End PBXResourcesBuildPhase section */

/* Begin PBXShellScriptBuildPhase section */
		612FDEA1DE2B5873E2F720C4 /* [CP] Check Pods Manifest.lock */ = {
			isa = PBXShellScriptBuildPhase;
			buildActionMask = 2147483647;
			files = (
			);
			inputPaths = (
				"${PODS_PODFILE_DIR_PATH}/Podfile.lock",
				"${PODS_ROOT}/Manifest.lock",
			);
			name = "[CP] Check Pods Manifest.lock";
			outputPaths = (
				"$(DERIVED_FILE_DIR)/Pods-chatTalk-checkManifestLockResult.txt",
			);
			runOnlyForDeploymentPostprocessing = 0;
			shellPath = /bin/sh;
			shellScript = "diff \"${PODS_PODFILE_DIR_PATH}/Podfile.lock\" \"${PODS_ROOT}/Manifest.lock\" > /dev/null\nif [ $? != 0 ] ; then\n    # print error to STDERR\n    echo \"error: The sandbox is not in sync with the Podfile.lock. Run 'pod install' or update your CocoaPods installation.\" >&2\n    exit 1\nfi\n# This output is used by Xcode 'outputs' to avoid re-running this script phase.\necho \"SUCCESS\" > \"${SCRIPT_OUTPUT_FILE_0}\"\n";
			showEnvVarsInLog = 0;
		};
		AD5AE5439AC89381702D356D /* [CP] Embed Pods Frameworks */ = {
			isa = PBXShellScriptBuildPhase;
			buildActionMask = 2147483647;
			files = (
			);
			inputPaths = (
				"${SRCROOT}/Pods/Target Support Files/Pods-chatTalk/Pods-chatTalk-frameworks.sh",
				"${BUILT_PRODUCTS_DIR}/GTMSessionFetcher/GTMSessionFetcher.framework",
				"${BUILT_PRODUCTS_DIR}/GoogleToolboxForMac/GoogleToolboxForMac.framework",
				"${BUILT_PRODUCTS_DIR}/leveldb-library/leveldb.framework",
				"${BUILT_PRODUCTS_DIR}/nanopb/nanopb.framework",
			);
			name = "[CP] Embed Pods Frameworks";
			outputPaths = (
				"${TARGET_BUILD_DIR}/${FRAMEWORKS_FOLDER_PATH}/GTMSessionFetcher.framework",
				"${TARGET_BUILD_DIR}/${FRAMEWORKS_FOLDER_PATH}/GoogleToolboxForMac.framework",
				"${TARGET_BUILD_DIR}/${FRAMEWORKS_FOLDER_PATH}/leveldb.framework",
				"${TARGET_BUILD_DIR}/${FRAMEWORKS_FOLDER_PATH}/nanopb.framework",
			);
			runOnlyForDeploymentPostprocessing = 0;
			shellPath = /bin/sh;
			shellScript = "\"${SRCROOT}/Pods/Target Support Files/Pods-chatTalk/Pods-chatTalk-frameworks.sh\"\n";
			showEnvVarsInLog = 0;
		};
/* End PBXShellScriptBuildPhase section */

/* Begin PBXSourcesBuildPhase section */
		721F532C20F25C5C0000682A /* Sources */ = {
			isa = PBXSourcesBuildPhase;
			buildActionMask = 2147483647;
			files = (
				721F533620F25C5C0000682A /* ViewController.swift in Sources */,
				721F535220F332D30000682A /* PreAuthViewController.swift in Sources */,
				721F534E20F2720A0000682A /* AuthViewController.swift in Sources */,
				721F533420F25C5C0000682A /* AppDelegate.swift in Sources */,
				721F535020F27B940000682A /* MainViewController.swift in Sources */,
			);
			runOnlyForDeploymentPostprocessing = 0;
		};
/* End PBXSourcesBuildPhase section */

/* Begin PBXVariantGroup section */
		721F533720F25C5C0000682A /* Main.storyboard */ = {
			isa = PBXVariantGroup;
			children = (
				721F533820F25C5C0000682A /* Base */,
			);
			name = Main.storyboard;
			sourceTree = "<group>";
		};
		721F533C20F25C5E0000682A /* LaunchScreen.storyboard */ = {
			isa = PBXVariantGroup;
			children = (
				721F533D20F25C5E0000682A /* Base */,
			);
			name = LaunchScreen.storyboard;
			sourceTree = "<group>";
		};
/* End PBXVariantGroup section */

/* Begin XCBuildConfiguration section */
		721F534020F25C5E0000682A /* Debug */ = {
			isa = XCBuildConfiguration;
			buildSettings = {
				ALWAYS_SEARCH_USER_PATHS = NO;
				CLANG_ANALYZER_NONNULL = YES;
				CLANG_ANALYZER_NUMBER_OBJECT_CONVERSION = YES_AGGRESSIVE;
				CLANG_CXX_LANGUAGE_STANDARD = "gnu++14";
				CLANG_CXX_LIBRARY = "libc++";
				CLANG_ENABLE_MODULES = YES;
				CLANG_ENABLE_OBJC_ARC = YES;
				CLANG_ENABLE_OBJC_WEAK = YES;
				CLANG_WARN_BLOCK_CAPTURE_AUTORELEASING = YES;
				CLANG_WARN_BOOL_CONVERSION = YES;
				CLANG_WARN_COMMA = YES;
				CLANG_WARN_CONSTANT_CONVERSION = YES;
				CLANG_WARN_DEPRECATED_OBJC_IMPLEMENTATIONS = YES;
				CLANG_WARN_DIRECT_OBJC_ISA_USAGE = YES_ERROR;
				CLANG_WARN_DOCUMENTATION_COMMENTS = YES;
				CLANG_WARN_EMPTY_BODY = YES;
				CLANG_WARN_ENUM_CONVERSION = YES;
				CLANG_WARN_INFINITE_RECURSION = YES;
				CLANG_WARN_INT_CONVERSION = YES;
				CLANG_WARN_NON_LITERAL_NULL_CONVERSION = YES;
				CLANG_WARN_OBJC_IMPLICIT_RETAIN_SELF = YES;
				CLANG_WARN_OBJC_LITERAL_CONVERSION = YES;
				CLANG_WARN_OBJC_ROOT_CLASS = YES_ERROR;
				CLANG_WARN_RANGE_LOOP_ANALYSIS = YES;
				CLANG_WARN_STRICT_PROTOTYPES = YES;
				CLANG_WARN_SUSPICIOUS_MOVE = YES;
				CLANG_WARN_UNGUARDED_AVAILABILITY = YES_AGGRESSIVE;
				CLANG_WARN_UNREACHABLE_CODE = YES;
				CLANG_WARN__DUPLICATE_METHOD_MATCH = YES;
				CODE_SIGN_IDENTITY = "iPhone Developer";
				COPY_PHASE_STRIP = NO;
				DEBUG_INFORMATION_FORMAT = dwarf;
				ENABLE_STRICT_OBJC_MSGSEND = YES;
				ENABLE_TESTABILITY = YES;
				GCC_C_LANGUAGE_STANDARD = gnu11;
				GCC_DYNAMIC_NO_PIC = NO;
				GCC_NO_COMMON_BLOCKS = YES;
				GCC_OPTIMIZATION_LEVEL = 0;
				GCC_PREPROCESSOR_DEFINITIONS = (
					"DEBUG=1",
					"$(inherited)",
				);
				GCC_WARN_64_TO_32_BIT_CONVERSION = YES;
				GCC_WARN_ABOUT_RETURN_TYPE = YES_ERROR;
				GCC_WARN_UNDECLARED_SELECTOR = YES;
				GCC_WARN_UNINITIALIZED_AUTOS = YES_AGGRESSIVE;
				GCC_WARN_UNUSED_FUNCTION = YES;
				GCC_WARN_UNUSED_VARIABLE = YES;
				IPHONEOS_DEPLOYMENT_TARGET = 12.0;
				MTL_ENABLE_DEBUG_INFO = INCLUDE_SOURCE;
				ONLY_ACTIVE_ARCH = YES;
				SDKROOT = iphoneos;
				SWIFT_ACTIVE_COMPILATION_CONDITIONS = DEBUG;
				SWIFT_OPTIMIZATION_LEVEL = "-Onone";
			};
			name = Debug;
		};
		721F534120F25C5E0000682A /* Release */ = {
			isa = XCBuildConfiguration;
			buildSettings = {
				ALWAYS_SEARCH_USER_PATHS = NO;
				CLANG_ANALYZER_NONNULL = YES;
				CLANG_ANALYZER_NUMBER_OBJECT_CONVERSION = YES_AGGRESSIVE;
				CLANG_CXX_LANGUAGE_STANDARD = "gnu++14";
				CLANG_CXX_LIBRARY = "libc++";
				CLANG_ENABLE_MODULES = YES;
				CLANG_ENABLE_OBJC_ARC = YES;
				CLANG_ENABLE_OBJC_WEAK = YES;
				CLANG_WARN_BLOCK_CAPTURE_AUTORELEASING = YES;
				CLANG_WARN_BOOL_CONVERSION = YES;
				CLANG_WARN_COMMA = YES;
				CLANG_WARN_CONSTANT_CONVERSION = YES;
				CLANG_WARN_DEPRECATED_OBJC_IMPLEMENTATIONS = YES;
				CLANG_WARN_DIRECT_OBJC_ISA_USAGE = YES_ERROR;
				CLANG_WARN_DOCUMENTATION_COMMENTS = YES;
				CLANG_WARN_EMPTY_BODY = YES;
				CLANG_WARN_ENUM_CONVERSION = YES;
				CLANG_WARN_INFINITE_RECURSION = YES;
				CLANG_WARN_INT_CONVERSION = YES;
				CLANG_WARN_NON_LITERAL_NULL_CONVERSION = YES;
				CLANG_WARN_OBJC_IMPLICIT_RETAIN_SELF = YES;
				CLANG_WARN_OBJC_LITERAL_CONVERSION = YES;
				CLANG_WARN_OBJC_ROOT_CLASS = YES_ERROR;
				CLANG_WARN_RANGE_LOOP_ANALYSIS = YES;
				CLANG_WARN_STRICT_PROTOTYPES = YES;
				CLANG_WARN_SUSPICIOUS_MOVE = YES;
				CLANG_WARN_UNGUARDED_AVAILABILITY = YES_AGGRESSIVE;
				CLANG_WARN_UNREACHABLE_CODE = YES;
				CLANG_WARN__DUPLICATE_METHOD_MATCH = YES;
				CODE_SIGN_IDENTITY = "iPhone Developer";
				COPY_PHASE_STRIP = NO;
				DEBUG_INFORMATION_FORMAT = "dwarf-with-dsym";
				ENABLE_NS_ASSERTIONS = NO;
				ENABLE_STRICT_OBJC_MSGSEND = YES;
				GCC_C_LANGUAGE_STANDARD = gnu11;
				GCC_NO_COMMON_BLOCKS = YES;
				GCC_WARN_64_TO_32_BIT_CONVERSION = YES;
				GCC_WARN_ABOUT_RETURN_TYPE = YES_ERROR;
				GCC_WARN_UNDECLARED_SELECTOR = YES;
				GCC_WARN_UNINITIALIZED_AUTOS = YES_AGGRESSIVE;
				GCC_WARN_UNUSED_FUNCTION = YES;
				GCC_WARN_UNUSED_VARIABLE = YES;
				IPHONEOS_DEPLOYMENT_TARGET = 12.0;
				MTL_ENABLE_DEBUG_INFO = NO;
				SDKROOT = iphoneos;
				SWIFT_COMPILATION_MODE = wholemodule;
				SWIFT_OPTIMIZATION_LEVEL = "-O";
				VALIDATE_PRODUCT = YES;
			};
			name = Release;
		};
		721F534320F25C5E0000682A /* Debug */ = {
			isa = XCBuildConfiguration;
			baseConfigurationReference = 3A503E3C0B52C6B01FC13BCA /* Pods-chatTalk.debug.xcconfig */;
			buildSettings = {
				ASSETCATALOG_COMPILER_APPICON_NAME = AppIcon;
				CODE_SIGN_STYLE = Automatic;
				INFOPLIST_FILE = chatTalk/Info.plist;
				LD_RUNPATH_SEARCH_PATHS = (
					"$(inherited)",
					"@executable_path/Frameworks",
				);
				PRODUCT_BUNDLE_IDENTIFIER = com.HBD.chatTalk;
				PRODUCT_NAME = "$(TARGET_NAME)";
				SWIFT_VERSION = 4.2;
				TARGETED_DEVICE_FAMILY = "1,2";
			};
			name = Debug;
		};
		721F534420F25C5E0000682A /* Release */ = {
			isa = XCBuildConfiguration;
			baseConfigurationReference = C6853B19050292AA2DFD87DC /* Pods-chatTalk.release.xcconfig */;
			buildSettings = {
				ASSETCATALOG_COMPILER_APPICON_NAME = AppIcon;
				CODE_SIGN_STYLE = Automatic;
				INFOPLIST_FILE = chatTalk/Info.plist;
				LD_RUNPATH_SEARCH_PATHS = (
					"$(inherited)",
					"@executable_path/Frameworks",
				);
				PRODUCT_BUNDLE_IDENTIFIER = com.HBD.chatTalk;
				PRODUCT_NAME = "$(TARGET_NAME)";
				SWIFT_VERSION = 4.2;
				TARGETED_DEVICE_FAMILY = "1,2";
			};
			name = Release;
		};
/* End XCBuildConfiguration section */

/* Begin XCConfigurationList section */
		721F532B20F25C5C0000682A /* Build configuration list for PBXProject "chatTalk" */ = {
			isa = XCConfigurationList;
			buildConfigurations = (
				721F534020F25C5E0000682A /* Debug */,
				721F534120F25C5E0000682A /* Release */,
			);
			defaultConfigurationIsVisible = 0;
			defaultConfigurationName = Release;
		};
		721F534220F25C5E0000682A /* Build configuration list for PBXNativeTarget "chatTalk" */ = {
			isa = XCConfigurationList;
			buildConfigurations = (
				721F534320F25C5E0000682A /* Debug */,
				721F534420F25C5E0000682A /* Release */,
			);
			defaultConfigurationIsVisible = 0;
			defaultConfigurationName = Release;
		};
/* End XCConfigurationList section */
	};
	rootObject = 721F532820F25C5C0000682A /* Project object */;
}
